{
  "requires": true,
  "lockfileVersion": 1,
  "dependencies": {
    "@angular/service-worker": {
      "version": "6.1.6",
      "resolved": "https://registry.npmjs.org/@angular/service-worker/-/service-worker-6.1.6.tgz",
      "integrity": "sha512-a0muwZuO+pMFCi3cdUiDCfPJoAc2yEhTMFPN9CdpE1Ma1zJOyZoLxoQ1iebsdQe/B6RreuOLO5XtVJZjkW20LA==",
      "requires": {
        "tslib": "1.9.3"
      }
    },
    "tslib": {
      "version": "1.9.3",
      "resolved": "http://registry.npm.taobao.org/tslib/download/tslib-1.9.3.tgz"
    }
  }
}
